// !$*UTF8*$!
{
	archiveVersion = 1;
	classes = {
	};
	objectVersion = 50;
	objects = {

/* Begin PBXBuildFile section */
		C61EAE6423E096FB00D86241 /* AppDelegate.swift in Sources */ = {isa = PBXBuildFile; fileRef = C61EAE6323E096FB00D86241 /* AppDelegate.swift */; };
		C61EAE6623E096FB00D86241 /* SceneDelegate.swift in Sources */ = {isa = PBXBuildFile; fileRef = C61EAE6523E096FB00D86241 /* SceneDelegate.swift */; };
		C61EAE6823E096FB00D86241 /* ViewController.swift in Sources */ = {isa = PBXBuildFile; fileRef = C61EAE6723E096FB00D86241 /* ViewController.swift */; };
		C61EAE6B23E096FB00D86241 /* Main.storyboard in Resources */ = {isa = PBXBuildFile; fileRef = C61EAE6923E096FB00D86241 /* Main.storyboard */; };
		C61EAE6D23E096FD00D86241 /* Assets.xcassets in Resources */ = {isa = PBXBuildFile; fileRef = C61EAE6C23E096FD00D86241 /* Assets.xcassets */; };
		C61EAE7023E096FD00D86241 /* LaunchScreen.storyboard in Resources */ = {isa = PBXBuildFile; fileRef = C61EAE6E23E096FD00D86241 /* LaunchScreen.storyboard */; };
/* End PBXBuildFile section */

/* Begin PBXFileReference section */
		C61EAE6023E096FB00D86241 /* Flag Guesser.app */ = {isa = PBXFileReference; explicitFileType = wrapper.application; includeInIndex = 0; path = "Flag Guesser.app"; sourceTree = BUILT_PRODUCTS_DIR; };
		C61EAE6323E096FB00D86241 /* AppDelegate.swift */ = {isa = PBXFileReference; lastKnownFileType = sourcecode.swift; path = AppDelegate.swift; sourceTree = "<group>"; };
		C61EAE6523E096FB00D86241 /* SceneDelegate.swift */ = {isa = PBXFileReference; lastKnownFileType = sourcecode.swift; path = SceneDelegate.swift; sourceTree = "<group>"; };
		C61EAE6723E096FB00D86241 /* ViewController.swift */ = {isa = PBXFileReference; lastKnownFileType = sourcecode.swift; path = ViewController.swift; sourceTree = "<group>"; };
		C61EAE6A23E096FB00D86241 /* Base */ = {isa = PBXFileReference; lastKnownFileType = file.storyboard; name = Base; path = Base.lproj/Main.storyboard; sourceTree = "<group>"; };
		C61EAE6C23E096FD00D86241 /* Assets.xcassets */ = {isa = PBXFileReference; lastKnownFileType = folder.assetcatalog; path = Assets.xcassets; sourceTree = "<group>"; };
		C61EAE6F23E096FD00D86241 /* Base */ = {isa = PBXFileReference; lastKnownFileType = file.storyboard; name = Base; path = Base.lproj/LaunchScreen.storyboard; sourceTree = "<group>"; };
		C61EAE7123E096FD00D86241 /* Info.plist */ = {isa = PBXFileReference; lastKnownFileType = text.plist.xml; path = Info.plist; sourceTree = "<group>"; };
/* End PBXFileReference section */

/* Begin PBXFrameworksBuildPhase section */
		C61EAE5D23E096FB00D86241 /* Frameworks */ = {
			isa = PBXFrameworksBuildPhase;
			buildActionMask = 2147483647;
			files = (
			);
			runOnlyForDeploymentPostprocessing = 0;
		};
/* End PBXFrameworksBuildPhase section */

/* Begin PBXGroup section */
		C61EAE5723E096FB00D86241 = {
			isa = PBXGroup;
			children = (
				C61EAE6223E096FB00D86241 /* flag-guesser */,
				C61EAE6123E096FB00D86241 /* Products */,
			);
			sourceTree = "<group>";
		};
		C61EAE6123E096FB00D86241 /* Products */ = {
			isa = PBXGroup;
			children = (
				C61EAE6023E096FB00D86241 /* Flag Guesser.app */,
			);
			name = Products;
			sourceTree = "<group>";
		};
		C61EAE6223E096FB00D86241 /* flag-guesser */ = {
			isa = PBXGroup;
			children = (
				C61EAE6323E096FB00D86241 /* AppDelegate.swift */,
				C61EAE6523E096FB00D86241 /* SceneDelegate.swift */,
				C61EAE6723E096FB00D86241 /* ViewController.swift */,
				C61EAE6923E096FB00D86241 /* Main.storyboard */,
				C61EAE6C23E096FD00D86241 /* Assets.xcassets */,
				C61EAE6E23E096FD00D86241 /* LaunchScreen.storyboard */,
				C61EAE7123E096FD00D86241 /* Info.plist */,
			);
			path = "flag-guesser";
			sourceTree = "<group>";
		};
/* End PBXGroup section */

/* Begin PBXNativeTarget section */
		C61EAE5F23E096FB00D86241 /* flag-guesser */ = {
			isa = PBXNativeTarget;
			buildConfigurationList = C61EAE7423E096FD00D86241 /* Build configuration list for PBXNativeTarget "flag-guesser" */;
			buildPhases = (
				C61EAE5C23E096FB00D86241 /* Sources */,
				C61EAE5D23E096FB00D86241 /* Frameworks */,
				C61EAE5E23E096FB00D86241 /* Resources */,
			);
			buildRules = (
			);
			dependencies = (
			);
			name = "flag-guesser";
			productName = "flag-guesser";
			productReference = C61EAE6023E096FB00D86241 /* Flag Guesser.app */;
			productType = "com.apple.product-type.application";
		};
/* End PBXNativeTarget section */

/* Begin PBXProject section */
		C61EAE5823E096FB00D86241 /* Project object */ = {
			isa = PBXProject;
			attributes = {
				LastSwiftUpdateCheck = 1130;
				LastUpgradeCheck = 1130;
				ORGANIZATIONNAME = "Brad Chesworth";
				TargetAttributes = {
					C61EAE5F23E096FB00D86241 = {
						CreatedOnToolsVersion = 11.3;
					};
				};
			};
			buildConfigurationList = C61EAE5B23E096FB00D86241 /* Build configuration list for PBXProject "flag-guesser" */;
			compatibilityVersion = "Xcode 9.3";
			developmentRegion = en;
			hasScannedForEncodings = 0;
			knownRegions = (
				en,
				Base,
			);
			mainGroup = C61EAE5723E096FB00D86241;
			productRefGroup = C61EAE6123E096FB00D86241 /* Products */;
			projectDirPath = "";
			projectRoot = "";
			targets = (
				C61EAE5F23E096FB00D86241 /* flag-guesser */,
			);
		};
/* End PBXProject section */

/* Begin PBXResourcesBuildPhase section */
		C61EAE5E23E096FB00D86241 /* Resources */ = {
			isa = PBXResourcesBuildPhase;
			buildActionMask = 2147483647;
			files = (
				C61EAE7023E096FD00D86241 /* LaunchScreen.storyboard in Resources */,
				C61EAE6D23E096FD00D86241 /* Assets.xcassets in Resources */,
				C61EAE6B23E096FB00D86241 /* Main.storyboard in Resources */,
			);
			runOnlyForDeploymentPostprocessing = 0;
		};
/* End PBXResourcesBuildPhase section */

/* Begin PBXSourcesBuildPhase section */
		C61EAE5C23E096FB00D86241 /* Sources */ = {
			isa = PBXSourcesBuildPhase;
			buildActionMask = 2147483647;
			files = (
				C61EAE6823E096FB00D86241 /* ViewController.swift in Sources */,
				C61EAE6423E096FB00D86241 /* AppDelegate.swift in Sources */,
				C61EAE6623E096FB00D86241 /* SceneDelegate.swift in Sources */,
			);
			runOnlyForDeploymentPostprocessing = 0;
		};
/* End PBXSourcesBuildPhase section */

/* Begin PBXVariantGroup section */
		C61EAE6923E096FB00D86241 /* Main.storyboard */ = {
			isa = PBXVariantGroup;
			children = (
				C61EAE6A23E096FB00D86241 /* Base */,
			);
			name = Main.storyboard;
			sourceTree = "<group>";
		};
		C61EAE6E23E096FD00D86241 /* LaunchScreen.storyboard */ = {
			isa = PBXVariantGroup;
			children = (
				C61EAE6F23E096FD00D86241 /* Base */,
			);
			name = LaunchScreen.storyboard;
			sourceTree = "<group>";
		};
/* End PBXVariantGroup section */

/* Begin XCBuildConfiguration section */
		C61EAE7223E096FD00D86241 /* Debug */ = {
			isa = XCBuildConfiguration;
			buildSettings = {
				ALWAYS_SEARCH_USER_PATHS = NO;
				CLANG_ANALYZER_NONNULL = YES;
				CLANG_ANALYZER_NUMBER_OBJECT_CONVERSION = YES_AGGRESSIVE;
				CLANG_CXX_LANGUAGE_STANDARD = "gnu++14";
				CLANG_CXX_LIBRARY = "libc++";
				CLANG_ENABLE_MODULES = YES;
				CLANG_ENABLE_OBJC_ARC = YES;
				CLANG_ENABLE_OBJC_WEAK = YES;
				CLANG_WARN_BLOCK_CAPTURE_AUTORELEASING = YES;
				CLANG_WARN_BOOL_CONVERSION = YES;
				CLANG_WARN_COMMA = YES;
				CLANG_WARN_CONSTANT_CONVERSION = YES;
				CLANG_WARN_DEPRECATED_OBJC_IMPLEMENTATIONS = YES;
				CLANG_WARN_DIRECT_OBJC_ISA_USAGE = YES_ERROR;
				CLANG_WARN_DOCUMENTATION_COMMENTS = YES;
				CLANG_WARN_EMPTY_BODY = YES;
				CLANG_WARN_ENUM_CONVERSION = YES;
				CLANG_WARN_INFINITE_RECURSION = YES;
				CLANG_WARN_INT_CONVERSION = YES;
				CLANG_WARN_NON_LITERAL_NULL_CONVERSION = YES;
				CLANG_WARN_OBJC_IMPLICIT_RETAIN_SELF = YES;
				CLANG_WARN_OBJC_LITERAL_CONVERSION = YES;
				CLANG_WARN_OBJC_ROOT_CLASS = YES_ERROR;
				CLANG_WARN_RANGE_LOOP_ANALYSIS = YES;
				CLANG_WARN_STRICT_PROTOTYPES = YES;
				CLANG_WARN_SUSPICIOUS_MOVE = YES;
				CLANG_WARN_UNGUARDED_AVAILABILITY = YES_AGGRESSIVE;
				CLANG_WARN_UNREACHABLE_CODE = YES;
				CLANG_WARN__DUPLICATE_METHOD_MATCH = YES;
				COPY_PHASE_STRIP = NO;
				DEBUG_INFORMATION_FORMAT = dwarf;
				ENABLE_STRICT_OBJC_MSGSEND = YES;
				ENABLE_TESTABILITY = YES;
				GCC_C_LANGUAGE_STANDARD = gnu11;
				GCC_DYNAMIC_NO_PIC = NO;
				GCC_NO_COMMON_BLOCKS = YES;
				GCC_OPTIMIZATION_LEVEL = 0;
				GCC_PREPROCESSOR_DEFINITIONS = (
					"DEBUG=1",
					"$(inherited)",
				);
				GCC_WARN_64_TO_32_BIT_CONVERSION = YES;
				GCC_WARN_ABOUT_RETURN_TYPE = YES_ERROR;
				GCC_WARN_UNDECLARED_SELECTOR = YES;
				GCC_WARN_UNINITIALIZED_AUTOS = YES_AGGRESSIVE;
				GCC_WARN_UNUSED_FUNCTION = YES;
				GCC_WARN_UNUSED_VARIABLE = YES;
				IPHONEOS_DEPLOYMENT_TARGET = 13.2;
				MTL_ENABLE_DEBUG_INFO = INCLUDE_SOURCE;
				MTL_FAST_MATH = YES;
				ONLY_ACTIVE_ARCH = YES;
				SDKROOT = iphoneos;
				SWIFT_ACTIVE_COMPILATION_CONDITIONS = DEBUG;
				SWIFT_OPTIMIZATION_LEVEL = "-Onone";
			};
			name = Debug;
		};
		C61EAE7323E096FD00D86241 /* Release */ = {
			isa = XCBuildConfiguration;
			buildSettings = {
				ALWAYS_SEARCH_USER_PATHS = NO;
				CLANG_ANALYZER_NONNULL = YES;
				CLANG_ANALYZER_NUMBER_OBJECT_CONVERSION = YES_AGGRESSIVE;
				CLANG_CXX_LANGUAGE_STANDARD = "gnu++14";
				CLANG_CXX_LIBRARY = "libc++";
				CLANG_ENABLE_MODULES = YES;
				CLANG_ENABLE_OBJC_ARC = YES;
				CLANG_ENABLE_OBJC_WEAK = YES;
				CLANG_WARN_BLOCK_CAPTURE_AUTORELEASING = YES;
				CLANG_WARN_BOOL_CONVERSION = YES;
				CLANG_WARN_COMMA = YES;
				CLANG_WARN_CONSTANT_CONVERSION = YES;
				CLANG_WARN_DEPRECATED_OBJC_IMPLEMENTATIONS = YES;
				CLANG_WARN_DIRECT_OBJC_ISA_USAGE = YES_ERROR;
				CLANG_WARN_DOCUMENTATION_COMMENTS = YES;
				CLANG_WARN_EMPTY_BODY = YES;
				CLANG_WARN_ENUM_CONVERSION = YES;
				CLANG_WARN_INFINITE_RECURSION = YES;
				CLANG_WARN_INT_CONVERSION = YES;
				CLANG_WARN_NON_LITERAL_NULL_CONVERSION = YES;
				CLANG_WARN_OBJC_IMPLICIT_RETAIN_SELF = YES;
				CLANG_WARN_OBJC_LITERAL_CONVERSION = YES;
				CLANG_WARN_OBJC_ROOT_CLASS = YES_ERROR;
				CLANG_WARN_RANGE_LOOP_ANALYSIS = YES;
				CLANG_WARN_STRICT_PROTOTYPES = YES;
				CLANG_WARN_SUSPICIOUS_MOVE = YES;
				CLANG_WARN_UNGUARDED_AVAILABILITY = YES_AGGRESSIVE;
				CLANG_WARN_UNREACHABLE_CODE = YES;
				CLANG_WARN__DUPLICATE_METHOD_MATCH = YES;
				COPY_PHASE_STRIP = NO;
				DEBUG_INFORMATION_FORMAT = "dwarf-with-dsym";
				ENABLE_NS_ASSERTIONS = NO;
				ENABLE_STRICT_OBJC_MSGSEND = YES;
				GCC_C_LANGUAGE_STANDARD = gnu11;
				GCC_NO_COMMON_BLOCKS = YES;
				GCC_WARN_64_TO_32_BIT_CONVERSION = YES;
				GCC_WARN_ABOUT_RETURN_TYPE = YES_ERROR;
				GCC_WARN_UNDECLARED_SELECTOR = YES;
				GCC_WARN_UNINITIALIZED_AUTOS = YES_AGGRESSIVE;
				GCC_WARN_UNUSED_FUNCTION = YES;
				GCC_WARN_UNUSED_VARIABLE = YES;
				IPHONEOS_DEPLOYMENT_TARGET = 13.2;
				MTL_ENABLE_DEBUG_INFO = NO;
				MTL_FAST_MATH = YES;
				SDKROOT = iphoneos;
				SWIFT_COMPILATION_MODE = wholemodule;
				SWIFT_OPTIMIZATION_LEVEL = "-O";
				VALIDATE_PRODUCT = YES;
			};
			name = Release;
		};
		C61EAE7523E096FD00D86241 /* Debug */ = {
			isa = XCBuildConfiguration;
			buildSettings = {
				ASSETCATALOG_COMPILER_APPICON_NAME = AppIcon;
				CODE_SIGN_STYLE = Automatic;
				DEVELOPMENT_TEAM = P323FQSL2Z;
				INFOPLIST_FILE = "flag-guesser/Info.plist";
				LD_RUNPATH_SEARCH_PATHS = (
					"$(inherited)",
					"@executable_path/Frameworks",
				);
				PRODUCT_BUNDLE_IDENTIFIER = "com.personal.flag-guesser";
				PRODUCT_NAME = "Flag Guesser";
				SWIFT_VERSION = 5.0;
				TARGETED_DEVICE_FAMILY = "1,2";
			};
			name = Debug;
		};
		C61EAE7623E096FD00D86241 /* Release */ = {
			isa = XCBuildConfiguration;
			buildSettings = {
				ASSETCATALOG_COMPILER_APPICON_NAME = AppIcon;
				CODE_SIGN_STYLE = Automatic;
				DEVELOPMENT_TEAM = P323FQSL2Z;
				INFOPLIST_FILE = "flag-guesser/Info.plist";
				LD_RUNPATH_SEARCH_PATHS = (
					"$(inherited)",
					"@executable_path/Frameworks",
				);
				PRODUCT_BUNDLE_IDENTIFIER = "com.personal.flag-guesser";
				PRODUCT_NAME = "Flag Guesser";
				SWIFT_VERSION = 5.0;
				TARGETED_DEVICE_FAMILY = "1,2";
			};
			name = Release;
		};
/* End XCBuildConfiguration section */

/* Begin XCConfigurationList section */
		C61EAE5B23E096FB00D86241 /* Build configuration list for PBXProject "flag-guesser" */ = {
			isa = XCConfigurationList;
			buildConfigurations = (
				C61EAE7223E096FD00D86241 /* Debug */,
				C61EAE7323E096FD00D86241 /* Release */,
			);
			defaultConfigurationIsVisible = 0;
			defaultConfigurationName = Release;
		};
		C61EAE7423E096FD00D86241 /* Build configuration list for PBXNativeTarget "flag-guesser" */ = {
			isa = XCConfigurationList;
			buildConfigurations = (
				C61EAE7523E096FD00D86241 /* Debug */,
				C61EAE7623E096FD00D86241 /* Release */,
			);
			defaultConfigurationIsVisible = 0;
			defaultConfigurationName = Release;
		};
/* End XCConfigurationList section */
	};
	rootObject = C61EAE5823E096FB00D86241 /* Project object */;
}
